
Microsoft Visual Studio Solution File, Format Version 12.00
# Visual Studio Version 17
VisualStudioVersion = 17.7.34221.43
MinimumVisualStudioVersion = 10.0.40219.1
Project("{FAE04EC0-301F-11D3-BF4B-00C04F79EFBC}") = "QUẢN LÝ BÁN HÀNG", "QUẢN LÝ BÁN HÀNG\QUẢN LÝ BÁN HÀNG.csproj", "{C6E2CDDE-CEA0-4794-9490-06BD136DFADC}"
EndProject
Global
	GlobalSection(SolutionConfigurationPlatforms) = preSolution
		Debug|Any CPU = Debug|Any CPU
		Release|Any CPU = Release|Any CPU
	EndGlobalSection
	GlobalSection(ProjectConfigurationPlatforms) = postSolution
		{C6E2CDDE-CEA0-4794-9490-06BD136DFADC}.Debug|Any CPU.ActiveCfg = Debug|Any CPU
		{C6E2CDDE-CEA0-4794-9490-06BD136DFADC}.Debug|Any CPU.Build.0 = Debug|Any CPU
		{C6E2CDDE-CEA0-4794-9490-06BD136DFADC}.Release|Any CPU.ActiveCfg = Release|Any CPU
		{C6E2CDDE-CEA0-4794-9490-06BD136DFADC}.Release|Any CPU.Build.0 = Release|Any CPU
	EndGlobalSection
	GlobalSection(SolutionProperties) = preSolution
		HideSolutionNode = FALSE
	EndGlobalSection
	GlobalSection(ExtensibilityGlobals) = postSolution
		SolutionGuid = {02F537D9-5ED2-4C95-A793-A00CB053D8CC}
	EndGlobalSection
EndGlobal
